
Microsoft Visual Studio Solution File, Format Version 12.00
# Visual Studio Version 16
VisualStudioVersion = 16.0.31624.102
MinimumVisualStudioVersion = 10.0.40219.1
Project("{8BC9CEB8-8B4A-11D0-8D11-00A0C91BC942}") = "NWW i NWD", "NWW i NWD\NWW i NWD.vcxproj", "{D902E04A-D85F-43B8-B8DE-1CFCB68FA121}"
EndProject
Global
	GlobalSection(SolutionConfigurationPlatforms) = preSolution
		Debug|x64 = Debug|x64
		Debug|x86 = Debug|x86
		Release|x64 = Release|x64
		Release|x86 = Release|x86
	EndGlobalSection
	GlobalSection(ProjectConfigurationPlatforms) = postSolution
		{D902E04A-D85F-43B8-B8DE-1CFCB68FA121}.Debug|x64.ActiveCfg = Debug|x64
		{D902E04A-D85F-43B8-B8DE-1CFCB68FA121}.Debug|x64.Build.0 = Debug|x64
		{D902E04A-D85F-43B8-B8DE-1CFCB68FA121}.Debug|x86.ActiveCfg = Debug|Win32
		{D902E04A-D85F-43B8-B8DE-1CFCB68FA121}.Debug|x86.Build.0 = Debug|Win32
		{D902E04A-D85F-43B8-B8DE-1CFCB68FA121}.Release|x64.ActiveCfg = Release|x64
		{D902E04A-D85F-43B8-B8DE-1CFCB68FA121}.Release|x64.Build.0 = Release|x64
		{D902E04A-D85F-43B8-B8DE-1CFCB68FA121}.Release|x86.ActiveCfg = Release|Win32
		{D902E04A-D85F-43B8-B8DE-1CFCB68FA121}.Release|x86.Build.0 = Release|Win32
	EndGlobalSection
	GlobalSection(SolutionProperties) = preSolution
		HideSolutionNode = FALSE
	EndGlobalSection
	GlobalSection(ExtensibilityGlobals) = postSolution
		SolutionGuid = {A6D8DAB8-C4EB-4473-BDEE-D98092708B57}
	EndGlobalSection
EndGlobal
